// !$*UTF8*$!
{
	archiveVersion = 1;
	classes = {
	};
	objectVersion = 51;
	objects = {

/* Begin PBXBuildFile section */
		044D55A4265E209E0054E718 /* AppDelegate.swift in Sources */ = {isa = PBXBuildFile; fileRef = 044D55A3265E209E0054E718 /* AppDelegate.swift */; };
		044D55A8265E209E0054E718 /* ViewController.swift in Sources */ = {isa = PBXBuildFile; fileRef = 044D55A7265E209E0054E718 /* ViewController.swift */; };
		044D55AB265E209E0054E718 /* Main.storyboard in Resources */ = {isa = PBXBuildFile; fileRef = 044D55A9265E209E0054E718 /* Main.storyboard */; };
		044D55AD265E20A00054E718 /* Assets.xcassets in Resources */ = {isa = PBXBuildFile; fileRef = 044D55AC265E20A00054E718 /* Assets.xcassets */; };
		044D55B0265E20A00054E718 /* LaunchScreen.storyboard in Resources */ = {isa = PBXBuildFile; fileRef = 044D55AE265E20A00054E718 /* LaunchScreen.storyboard */; };
		044D55C6265E24DD0054E718 /* ViewItem.swift in Sources */ = {isa = PBXBuildFile; fileRef = 044D55C5265E24DD0054E718 /* ViewItem.swift */; };
		044D55CE265E27D10054E718 /* local.json in Resources */ = {isa = PBXBuildFile; fileRef = 044D55CD265E27D10054E718 /* local.json */; };
		044D55D1265E28590054E718 /* JsonTools.swift in Sources */ = {isa = PBXBuildFile; fileRef = 044D55D0265E28590054E718 /* JsonTools.swift */; };
		044D55FF265E33E00054E718 /* ContainerView.swift in Sources */ = {isa = PBXBuildFile; fileRef = 044D55FE265E33E00054E718 /* ContainerView.swift */; };
		044D5604265E44AA0054E718 /* UIView+Utils.swift in Sources */ = {isa = PBXBuildFile; fileRef = 044D5603265E44AA0054E718 /* UIView+Utils.swift */; };
		044D5607265F3CBE0054E718 /* UIColor+Utils.swift in Sources */ = {isa = PBXBuildFile; fileRef = 044D5606265F3CBE0054E718 /* UIColor+Utils.swift */; };
		044D565D2660CAF10054E718 /* local1.json in Resources */ = {isa = PBXBuildFile; fileRef = 044D565C2660CAF10054E718 /* local1.json */; };
		F6088169D9E6882B50692E96 /* Pods_CZBViewContainer.framework in Frameworks */ = {isa = PBXBuildFile; fileRef = 9D340BF51E06632C47759130 /* Pods_CZBViewContainer.framework */; };
/* End PBXBuildFile section */

/* Begin PBXFileReference section */
		044D55A0265E209E0054E718 /* CZBViewContainer.app */ = {isa = PBXFileReference; explicitFileType = wrapper.application; includeInIndex = 0; path = CZBViewContainer.app; sourceTree = BUILT_PRODUCTS_DIR; };
		044D55A3265E209E0054E718 /* AppDelegate.swift */ = {isa = PBXFileReference; lastKnownFileType = sourcecode.swift; path = AppDelegate.swift; sourceTree = "<group>"; };
		044D55A7265E209E0054E718 /* ViewController.swift */ = {isa = PBXFileReference; lastKnownFileType = sourcecode.swift; path = ViewController.swift; sourceTree = "<group>"; };
		044D55AA265E209E0054E718 /* Base */ = {isa = PBXFileReference; lastKnownFileType = file.storyboard; name = Base; path = Base.lproj/Main.storyboard; sourceTree = "<group>"; };
		044D55AC265E20A00054E718 /* Assets.xcassets */ = {isa = PBXFileReference; lastKnownFileType = folder.assetcatalog; path = Assets.xcassets; sourceTree = "<group>"; };
		044D55AF265E20A00054E718 /* Base */ = {isa = PBXFileReference; lastKnownFileType = file.storyboard; name = Base; path = Base.lproj/LaunchScreen.storyboard; sourceTree = "<group>"; };
		044D55B1265E20A00054E718 /* Info.plist */ = {isa = PBXFileReference; lastKnownFileType = text.plist.xml; path = Info.plist; sourceTree = "<group>"; };
		044D55C5265E24DD0054E718 /* ViewItem.swift */ = {isa = PBXFileReference; lastKnownFileType = sourcecode.swift; path = ViewItem.swift; sourceTree = "<group>"; };
		044D55CD265E27D10054E718 /* local.json */ = {isa = PBXFileReference; lastKnownFileType = text.json; path = local.json; sourceTree = "<group>"; };
		044D55D0265E28590054E718 /* JsonTools.swift */ = {isa = PBXFileReference; lastKnownFileType = sourcecode.swift; path = JsonTools.swift; sourceTree = "<group>"; };
		044D55FE265E33E00054E718 /* ContainerView.swift */ = {isa = PBXFileReference; lastKnownFileType = sourcecode.swift; path = ContainerView.swift; sourceTree = "<group>"; };
		044D5603265E44AA0054E718 /* UIView+Utils.swift */ = {isa = PBXFileReference; lastKnownFileType = sourcecode.swift; path = "UIView+Utils.swift"; sourceTree = "<group>"; };
		044D5606265F3CBE0054E718 /* UIColor+Utils.swift */ = {isa = PBXFileReference; lastKnownFileType = sourcecode.swift; path = "UIColor+Utils.swift"; sourceTree = "<group>"; };
		044D565C2660CAF10054E718 /* local1.json */ = {isa = PBXFileReference; lastKnownFileType = text.json; path = local1.json; sourceTree = "<group>"; };
		244619B2FEE38E6205DF74A1 /* Pods-CZBViewContainer.debug.xcconfig */ = {isa = PBXFileReference; includeInIndex = 1; lastKnownFileType = text.xcconfig; name = "Pods-CZBViewContainer.debug.xcconfig"; path = "Target Support Files/Pods-CZBViewContainer/Pods-CZBViewContainer.debug.xcconfig"; sourceTree = "<group>"; };
		9D340BF51E06632C47759130 /* Pods_CZBViewContainer.framework */ = {isa = PBXFileReference; explicitFileType = wrapper.framework; includeInIndex = 0; path = Pods_CZBViewContainer.framework; sourceTree = BUILT_PRODUCTS_DIR; };
		A05173EF51BB5FE52AF0C8A6 /* Pods-CZBViewContainer.release.xcconfig */ = {isa = PBXFileReference; includeInIndex = 1; lastKnownFileType = text.xcconfig; name = "Pods-CZBViewContainer.release.xcconfig"; path = "Target Support Files/Pods-CZBViewContainer/Pods-CZBViewContainer.release.xcconfig"; sourceTree = "<group>"; };
/* End PBXFileReference section */

/* Begin PBXFrameworksBuildPhase section */
		044D559D265E209E0054E718 /* Frameworks */ = {
			isa = PBXFrameworksBuildPhase;
			buildActionMask = 2147483647;
			files = (
				F6088169D9E6882B50692E96 /* Pods_CZBViewContainer.framework in Frameworks */,
			);
			runOnlyForDeploymentPostprocessing = 0;
		};
/* End PBXFrameworksBuildPhase section */

/* Begin PBXGroup section */
		044D5597265E209E0054E718 = {
			isa = PBXGroup;
			children = (
				044D55A2265E209E0054E718 /* CZBViewContainer */,
				044D55A1265E209E0054E718 /* Products */,
				0FEDAE6F35D3CBA3C22D4DD5 /* Pods */,
				5CE909632B2F12DA5D65121D /* Frameworks */,
			);
			sourceTree = "<group>";
		};
		044D55A1265E209E0054E718 /* Products */ = {
			isa = PBXGroup;
			children = (
				044D55A0265E209E0054E718 /* CZBViewContainer.app */,
			);
			name = Products;
			sourceTree = "<group>";
		};
		044D55A2265E209E0054E718 /* CZBViewContainer */ = {
			isa = PBXGroup;
			children = (
				044D55C4265E24B80054E718 /* Container */,
				044D55A3265E209E0054E718 /* AppDelegate.swift */,
				044D55A7265E209E0054E718 /* ViewController.swift */,
				044D55A9265E209E0054E718 /* Main.storyboard */,
				044D55AC265E20A00054E718 /* Assets.xcassets */,
				044D55AE265E20A00054E718 /* LaunchScreen.storyboard */,
				044D55B1265E20A00054E718 /* Info.plist */,
			);
			path = CZBViewContainer;
			sourceTree = "<group>";
		};
		044D55C4265E24B80054E718 /* Container */ = {
			isa = PBXGroup;
			children = (
				044D55C5265E24DD0054E718 /* ViewItem.swift */,
				044D55CD265E27D10054E718 /* local.json */,
				044D565C2660CAF10054E718 /* local1.json */,
				044D55D0265E28590054E718 /* JsonTools.swift */,
				044D55FE265E33E00054E718 /* ContainerView.swift */,
				044D5603265E44AA0054E718 /* UIView+Utils.swift */,
				044D5606265F3CBE0054E718 /* UIColor+Utils.swift */,
			);
			path = Container;
			sourceTree = "<group>";
		};
		0FEDAE6F35D3CBA3C22D4DD5 /* Pods */ = {
			isa = PBXGroup;
			children = (
				244619B2FEE38E6205DF74A1 /* Pods-CZBViewContainer.debug.xcconfig */,
				A05173EF51BB5FE52AF0C8A6 /* Pods-CZBViewContainer.release.xcconfig */,
			);
			path = Pods;
			sourceTree = "<group>";
		};
		5CE909632B2F12DA5D65121D /* Frameworks */ = {
			isa = PBXGroup;
			children = (
				9D340BF51E06632C47759130 /* Pods_CZBViewContainer.framework */,
			);
			name = Frameworks;
			sourceTree = "<group>";
		};
/* End PBXGroup section */

/* Begin PBXNativeTarget section */
		044D559F265E209E0054E718 /* CZBViewContainer */ = {
			isa = PBXNativeTarget;
			buildConfigurationList = 044D55B4265E20A00054E718 /* Build configuration list for PBXNativeTarget "CZBViewContainer" */;
			buildPhases = (
				9BC6F540BC1A12E0EECD5D94 /* [CP] Check Pods Manifest.lock */,
				044D559C265E209E0054E718 /* Sources */,
				044D559D265E209E0054E718 /* Frameworks */,
				044D559E265E209E0054E718 /* Resources */,
				A42A94DC3E844EB1DF8C400A /* [CP] Embed Pods Frameworks */,
			);
			buildRules = (
			);
			dependencies = (
			);
			name = CZBViewContainer;
			productName = CZBViewContainer;
			productReference = 044D55A0265E209E0054E718 /* CZBViewContainer.app */;
			productType = "com.apple.product-type.application";
		};
/* End PBXNativeTarget section */

/* Begin PBXProject section */
		044D5598265E209E0054E718 /* Project object */ = {
			isa = PBXProject;
			attributes = {
				LastSwiftUpdateCheck = 1230;
				LastUpgradeCheck = 1230;
				TargetAttributes = {
					044D559F265E209E0054E718 = {
						CreatedOnToolsVersion = 12.3;
					};
				};
			};
			buildConfigurationList = 044D559B265E209E0054E718 /* Build configuration list for PBXProject "CZBViewContainer" */;
			compatibilityVersion = "Xcode 9.3";
			developmentRegion = en;
			hasScannedForEncodings = 0;
			knownRegions = (
				en,
				Base,
			);
			mainGroup = 044D5597265E209E0054E718;
			productRefGroup = 044D55A1265E209E0054E718 /* Products */;
			projectDirPath = "";
			projectRoot = "";
			targets = (
				044D559F265E209E0054E718 /* CZBViewContainer */,
			);
		};
/* End PBXProject section */

/* Begin PBXResourcesBuildPhase section */
		044D559E265E209E0054E718 /* Resources */ = {
			isa = PBXResourcesBuildPhase;
			buildActionMask = 2147483647;
			files = (
				044D55B0265E20A00054E718 /* LaunchScreen.storyboard in Resources */,
				044D565D2660CAF10054E718 /* local1.json in Resources */,
				044D55CE265E27D10054E718 /* local.json in Resources */,
				044D55AD265E20A00054E718 /* Assets.xcassets in Resources */,
				044D55AB265E209E0054E718 /* Main.storyboard in Resources */,
			);
			runOnlyForDeploymentPostprocessing = 0;
		};
/* End PBXResourcesBuildPhase section */

/* Begin PBXShellScriptBuildPhase section */
		9BC6F540BC1A12E0EECD5D94 /* [CP] Check Pods Manifest.lock */ = {
			isa = PBXShellScriptBuildPhase;
			buildActionMask = 2147483647;
			files = (
			);
			inputFileListPaths = (
			);
			inputPaths = (
				"${PODS_PODFILE_DIR_PATH}/Podfile.lock",
				"${PODS_ROOT}/Manifest.lock",
			);
			name = "[CP] Check Pods Manifest.lock";
			outputFileListPaths = (
			);
			outputPaths = (
				"$(DERIVED_FILE_DIR)/Pods-CZBViewContainer-checkManifestLockResult.txt",
			);
			runOnlyForDeploymentPostprocessing = 0;
			shellPath = /bin/sh;
			shellScript = "diff \"${PODS_PODFILE_DIR_PATH}/Podfile.lock\" \"${PODS_ROOT}/Manifest.lock\" > /dev/null\nif [ $? != 0 ] ; then\n    # print error to STDERR\n    echo \"error: The sandbox is not in sync with the Podfile.lock. Run 'pod install' or update your CocoaPods installation.\" >&2\n    exit 1\nfi\n# This output is used by Xcode 'outputs' to avoid re-running this script phase.\necho \"SUCCESS\" > \"${SCRIPT_OUTPUT_FILE_0}\"\n";
			showEnvVarsInLog = 0;
		};
		A42A94DC3E844EB1DF8C400A /* [CP] Embed Pods Frameworks */ = {
			isa = PBXShellScriptBuildPhase;
			buildActionMask = 2147483647;
			files = (
			);
			inputFileListPaths = (
				"${PODS_ROOT}/Target Support Files/Pods-CZBViewContainer/Pods-CZBViewContainer-frameworks-${CONFIGURATION}-input-files.xcfilelist",
			);
			name = "[CP] Embed Pods Frameworks";
			outputFileListPaths = (
				"${PODS_ROOT}/Target Support Files/Pods-CZBViewContainer/Pods-CZBViewContainer-frameworks-${CONFIGURATION}-output-files.xcfilelist",
			);
			runOnlyForDeploymentPostprocessing = 0;
			shellPath = /bin/sh;
			shellScript = "\"${PODS_ROOT}/Target Support Files/Pods-CZBViewContainer/Pods-CZBViewContainer-frameworks.sh\"\n";
			showEnvVarsInLog = 0;
		};
/* End PBXShellScriptBuildPhase section */

/* Begin PBXSourcesBuildPhase section */
		044D559C265E209E0054E718 /* Sources */ = {
			isa = PBXSourcesBuildPhase;
			buildActionMask = 2147483647;
			files = (
				044D55A8265E209E0054E718 /* ViewController.swift in Sources */,
				044D55A4265E209E0054E718 /* AppDelegate.swift in Sources */,
				044D5604265E44AA0054E718 /* UIView+Utils.swift in Sources */,
				044D55FF265E33E00054E718 /* ContainerView.swift in Sources */,
				044D55C6265E24DD0054E718 /* ViewItem.swift in Sources */,
				044D55D1265E28590054E718 /* JsonTools.swift in Sources */,
				044D5607265F3CBE0054E718 /* UIColor+Utils.swift in Sources */,
			);
			runOnlyForDeploymentPostprocessing = 0;
		};
/* End PBXSourcesBuildPhase section */

/* Begin PBXVariantGroup section */
		044D55A9265E209E0054E718 /* Main.storyboard */ = {
			isa = PBXVariantGroup;
			children = (
				044D55AA265E209E0054E718 /* Base */,
			);
			name = Main.storyboard;
			sourceTree = "<group>";
		};
		044D55AE265E20A00054E718 /* LaunchScreen.storyboard */ = {
			isa = PBXVariantGroup;
			children = (
				044D55AF265E20A00054E718 /* Base */,
			);
			name = LaunchScreen.storyboard;
			sourceTree = "<group>";
		};
/* End PBXVariantGroup section */

/* Begin XCBuildConfiguration section */
		044D55B2265E20A00054E718 /* Debug */ = {
			isa = XCBuildConfiguration;
			buildSettings = {
				ALWAYS_SEARCH_USER_PATHS = NO;
				CLANG_ANALYZER_NONNULL = YES;
				CLANG_ANALYZER_NUMBER_OBJECT_CONVERSION = YES_AGGRESSIVE;
				CLANG_CXX_LANGUAGE_STANDARD = "gnu++14";
				CLANG_CXX_LIBRARY = "libc++";
				CLANG_ENABLE_MODULES = YES;
				CLANG_ENABLE_OBJC_ARC = YES;
				CLANG_ENABLE_OBJC_WEAK = YES;
				CLANG_WARN_BLOCK_CAPTURE_AUTORELEASING = YES;
				CLANG_WARN_BOOL_CONVERSION = YES;
				CLANG_WARN_COMMA = YES;
				CLANG_WARN_CONSTANT_CONVERSION = YES;
				CLANG_WARN_DEPRECATED_OBJC_IMPLEMENTATIONS = YES;
				CLANG_WARN_DIRECT_OBJC_ISA_USAGE = YES_ERROR;
				CLANG_WARN_DOCUMENTATION_COMMENTS = YES;
				CLANG_WARN_EMPTY_BODY = YES;
				CLANG_WARN_ENUM_CONVERSION = YES;
				CLANG_WARN_INFINITE_RECURSION = YES;
				CLANG_WARN_INT_CONVERSION = YES;
				CLANG_WARN_NON_LITERAL_NULL_CONVERSION = YES;
				CLANG_WARN_OBJC_IMPLICIT_RETAIN_SELF = YES;
				CLANG_WARN_OBJC_LITERAL_CONVERSION = YES;
				CLANG_WARN_OBJC_ROOT_CLASS = YES_ERROR;
				CLANG_WARN_QUOTED_INCLUDE_IN_FRAMEWORK_HEADER = YES;
				CLANG_WARN_RANGE_LOOP_ANALYSIS = YES;
				CLANG_WARN_STRICT_PROTOTYPES = YES;
				CLANG_WARN_SUSPICIOUS_MOVE = YES;
				CLANG_WARN_UNGUARDED_AVAILABILITY = YES_AGGRESSIVE;
				CLANG_WARN_UNREACHABLE_CODE = YES;
				CLANG_WARN__DUPLICATE_METHOD_MATCH = YES;
				COPY_PHASE_STRIP = NO;
				DEBUG_INFORMATION_FORMAT = dwarf;
				ENABLE_STRICT_OBJC_MSGSEND = YES;
				ENABLE_TESTABILITY = YES;
				GCC_C_LANGUAGE_STANDARD = gnu11;
				GCC_DYNAMIC_NO_PIC = NO;
				GCC_NO_COMMON_BLOCKS = YES;
				GCC_OPTIMIZATION_LEVEL = 0;
				GCC_PREPROCESSOR_DEFINITIONS = (
					"DEBUG=1",
					"$(inherited)",
				);
				GCC_WARN_64_TO_32_BIT_CONVERSION = YES;
				GCC_WARN_ABOUT_RETURN_TYPE = YES_ERROR;
				GCC_WARN_UNDECLARED_SELECTOR = YES;
				GCC_WARN_UNINITIALIZED_AUTOS = YES_AGGRESSIVE;
				GCC_WARN_UNUSED_FUNCTION = YES;
				GCC_WARN_UNUSED_VARIABLE = YES;
				IPHONEOS_DEPLOYMENT_TARGET = 14.3;
				MTL_ENABLE_DEBUG_INFO = INCLUDE_SOURCE;
				MTL_FAST_MATH = YES;
				ONLY_ACTIVE_ARCH = YES;
				SDKROOT = iphoneos;
				SWIFT_ACTIVE_COMPILATION_CONDITIONS = DEBUG;
				SWIFT_OPTIMIZATION_LEVEL = "-Onone";
			};
			name = Debug;
		};
		044D55B3265E20A00054E718 /* Release */ = {
			isa = XCBuildConfiguration;
			buildSettings = {
				ALWAYS_SEARCH_USER_PATHS = NO;
				CLANG_ANALYZER_NONNULL = YES;
				CLANG_ANALYZER_NUMBER_OBJECT_CONVERSION = YES_AGGRESSIVE;
				CLANG_CXX_LANGUAGE_STANDARD = "gnu++14";
				CLANG_CXX_LIBRARY = "libc++";
				CLANG_ENABLE_MODULES = YES;
				CLANG_ENABLE_OBJC_ARC = YES;
				CLANG_ENABLE_OBJC_WEAK = YES;
				CLANG_WARN_BLOCK_CAPTURE_AUTORELEASING = YES;
				CLANG_WARN_BOOL_CONVERSION = YES;
				CLANG_WARN_COMMA = YES;
				CLANG_WARN_CONSTANT_CONVERSION = YES;
				CLANG_WARN_DEPRECATED_OBJC_IMPLEMENTATIONS = YES;
				CLANG_WARN_DIRECT_OBJC_ISA_USAGE = YES_ERROR;
				CLANG_WARN_DOCUMENTATION_COMMENTS = YES;
				CLANG_WARN_EMPTY_BODY = YES;
				CLANG_WARN_ENUM_CONVERSION = YES;
				CLANG_WARN_INFINITE_RECURSION = YES;
				CLANG_WARN_INT_CONVERSION = YES;
				CLANG_WARN_NON_LITERAL_NULL_CONVERSION = YES;
				CLANG_WARN_OBJC_IMPLICIT_RETAIN_SELF = YES;
				CLANG_WARN_OBJC_LITERAL_CONVERSION = YES;
				CLANG_WARN_OBJC_ROOT_CLASS = YES_ERROR;
				CLANG_WARN_QUOTED_INCLUDE_IN_FRAMEWORK_HEADER = YES;
				CLANG_WARN_RANGE_LOOP_ANALYSIS = YES;
				CLANG_WARN_STRICT_PROTOTYPES = YES;
				CLANG_WARN_SUSPICIOUS_MOVE = YES;
				CLANG_WARN_UNGUARDED_AVAILABILITY = YES_AGGRESSIVE;
				CLANG_WARN_UNREACHABLE_CODE = YES;
				CLANG_WARN__DUPLICATE_METHOD_MATCH = YES;
				COPY_PHASE_STRIP = NO;
				DEBUG_INFORMATION_FORMAT = "dwarf-with-dsym";
				ENABLE_NS_ASSERTIONS = NO;
				ENABLE_STRICT_OBJC_MSGSEND = YES;
				GCC_C_LANGUAGE_STANDARD = gnu11;
				GCC_NO_COMMON_BLOCKS = YES;
				GCC_WARN_64_TO_32_BIT_CONVERSION = YES;
				GCC_WARN_ABOUT_RETURN_TYPE = YES_ERROR;
				GCC_WARN_UNDECLARED_SELECTOR = YES;
				GCC_WARN_UNINITIALIZED_AUTOS = YES_AGGRESSIVE;
				GCC_WARN_UNUSED_FUNCTION = YES;
				GCC_WARN_UNUSED_VARIABLE = YES;
				IPHONEOS_DEPLOYMENT_TARGET = 14.3;
				MTL_ENABLE_DEBUG_INFO = NO;
				MTL_FAST_MATH = YES;
				SDKROOT = iphoneos;
				SWIFT_COMPILATION_MODE = wholemodule;
				SWIFT_OPTIMIZATION_LEVEL = "-O";
				VALIDATE_PRODUCT = YES;
			};
			name = Release;
		};
		044D55B5265E20A00054E718 /* Debug */ = {
			isa = XCBuildConfiguration;
			baseConfigurationReference = 244619B2FEE38E6205DF74A1 /* Pods-CZBViewContainer.debug.xcconfig */;
			buildSettings = {
				ASSETCATALOG_COMPILER_APPICON_NAME = AppIcon;
				ASSETCATALOG_COMPILER_GLOBAL_ACCENT_COLOR_NAME = AccentColor;
				CODE_SIGN_STYLE = Automatic;
				DEVELOPMENT_TEAM = XCJFF2R6W6;
				INFOPLIST_FILE = CZBViewContainer/Info.plist;
				IPHONEOS_DEPLOYMENT_TARGET = 10.0;
				LD_RUNPATH_SEARCH_PATHS = (
					"$(inherited)",
					"@executable_path/Frameworks",
				);
				PRODUCT_BUNDLE_IDENTIFIER = DoubleK.CZBViewContainer;
				PRODUCT_NAME = "$(TARGET_NAME)";
				SWIFT_VERSION = 5.0;
				TARGETED_DEVICE_FAMILY = "1,2";
			};
			name = Debug;
		};
		044D55B6265E20A00054E718 /* Release */ = {
			isa = XCBuildConfiguration;
			baseConfigurationReference = A05173EF51BB5FE52AF0C8A6 /* Pods-CZBViewContainer.release.xcconfig */;
			buildSettings = {
				ASSETCATALOG_COMPILER_APPICON_NAME = AppIcon;
				ASSETCATALOG_COMPILER_GLOBAL_ACCENT_COLOR_NAME = AccentColor;
				CODE_SIGN_STYLE = Automatic;
				DEVELOPMENT_TEAM = XCJFF2R6W6;
				INFOPLIST_FILE = CZBViewContainer/Info.plist;
				IPHONEOS_DEPLOYMENT_TARGET = 10.0;
				LD_RUNPATH_SEARCH_PATHS = (
					"$(inherited)",
					"@executable_path/Frameworks",
				);
				PRODUCT_BUNDLE_IDENTIFIER = DoubleK.CZBViewContainer;
				PRODUCT_NAME = "$(TARGET_NAME)";
				SWIFT_VERSION = 5.0;
				TARGETED_DEVICE_FAMILY = "1,2";
			};
			name = Release;
		};
/* End XCBuildConfiguration section */

/* Begin XCConfigurationList section */
		044D559B265E209E0054E718 /* Build configuration list for PBXProject "CZBViewContainer" */ = {
			isa = XCConfigurationList;
			buildConfigurations = (
				044D55B2265E20A00054E718 /* Debug */,
				044D55B3265E20A00054E718 /* Release */,
			);
			defaultConfigurationIsVisible = 0;
			defaultConfigurationName = Release;
		};
		044D55B4265E20A00054E718 /* Build configuration list for PBXNativeTarget "CZBViewContainer" */ = {
			isa = XCConfigurationList;
			buildConfigurations = (
				044D55B5265E20A00054E718 /* Debug */,
				044D55B6265E20A00054E718 /* Release */,
			);
			defaultConfigurationIsVisible = 0;
			defaultConfigurationName = Release;
		};
/* End XCConfigurationList section */
	};
	rootObject = 044D5598265E209E0054E718 /* Project object */;
}
